
Microsoft Visual Studio Solution File, Format Version 12.00
# Visual Studio Version 17
VisualStudioVersion = 17.12.35514.174
MinimumVisualStudioVersion = 10.0.40219.1
Project("{2150E333-8FDC-42A3-9474-1A3956D46DE8}") = "Services", "Services", "{CE050956-806F-4546-8A1E-E573FD1CB412}"
EndProject
Project("{2150E333-8FDC-42A3-9474-1A3956D46DE8}") = "Catalog", "Catalog", "{15561AD1-28EB-4E67-BFE1-DF5FB7BD7D51}"
EndProject
Project("{FAE04EC0-301F-11D3-BF4B-00C04F79EFBC}") = "Catalog.API", "Services\Catalog\Catalog.API\Catalog.API.csproj", "{316831BA-FD02-4D95-AE36-4F9F443B3CEB}"
EndProject
Project("{2150E333-8FDC-42A3-9474-1A3956D46DE8}") = "BuildingBlocks", "BuildingBlocks", "{19DB80ED-84B9-4BC4-8DB4-82F89223BF66}"
EndProject
Project("{FAE04EC0-301F-11D3-BF4B-00C04F79EFBC}") = "BuildingBlocks", "BuildingBlocks\BuildingBlocks\BuildingBlocks.csproj", "{EB2FF0FD-E584-4F50-B5FB-2EFBD951E9C3}"
EndProject
Project("{E53339B2-1760-4266-BCC7-CA923CBCF16C}") = "docker-compose", "docker-compose.dcproj", "{B9557E6B-A389-4237-8738-6F10B64B0699}"
EndProject
Project("{2150E333-8FDC-42A3-9474-1A3956D46DE8}") = "Basket", "Basket", "{48A11EBA-6068-4553-8ED4-F35C45BD5423}"
EndProject
Project("{FAE04EC0-301F-11D3-BF4B-00C04F79EFBC}") = "Basket.API", "Services\Basket\Basket.API\Basket.API.csproj", "{43C8FD2C-BE9A-4759-805C-86D263516A1E}"
EndProject
Project("{2150E333-8FDC-42A3-9474-1A3956D46DE8}") = "Discount", "Discount", "{DB8E05D4-5788-490E-923F-578750321844}"
EndProject
Project("{FAE04EC0-301F-11D3-BF4B-00C04F79EFBC}") = "Discount.Grpc", "Services\Discount\Discount.Grpc\Discount.Grpc.csproj", "{5FF8AC79-6410-41C5-B0D7-443F4CDECB22}"
EndProject
Project("{2150E333-8FDC-42A3-9474-1A3956D46DE8}") = "Ordering", "Ordering", "{52E0E35B-0330-444E-AFB7-AD5274864B3C}"
EndProject
Project("{FAE04EC0-301F-11D3-BF4B-00C04F79EFBC}") = "Ordering.API", "Services\Ordering\Ordering.API\Ordering.API.csproj", "{49FA16A8-F4A2-442E-BB0E-D3F743906D62}"
EndProject
Project("{FAE04EC0-301F-11D3-BF4B-00C04F79EFBC}") = "Ordering.Domain", "Services\Ordering\Ordering.Domain\Ordering.Domain.csproj", "{B3147221-7915-4FDF-8C36-A7DFC7F835D2}"
EndProject
Project("{FAE04EC0-301F-11D3-BF4B-00C04F79EFBC}") = "Ordering.Application", "Services\Ordering\Ordering.Application\Ordering.Application.csproj", "{9B64723A-151B-41C4-B585-1DA1C5B4B4DF}"
EndProject
Project("{FAE04EC0-301F-11D3-BF4B-00C04F79EFBC}") = "Ordering.Infrastructure", "Services\Ordering\Ordering.Infrastructure\Ordering.Infrastructure.csproj", "{B48ED12D-279A-4A21-BF11-16EFB46FD527}"
EndProject
Project("{FAE04EC0-301F-11D3-BF4B-00C04F79EFBC}") = "BuildingBlocks.Messaging", "BuildingBlocks\BuildingBlocks.Messaging\BuildingBlocks.Messaging.csproj", "{93513D92-C0DB-4300-A83C-430368093F65}"
EndProject
Global
	GlobalSection(SolutionConfigurationPlatforms) = preSolution
		Debug|Any CPU = Debug|Any CPU
		Release|Any CPU = Release|Any CPU
	EndGlobalSection
	GlobalSection(ProjectConfigurationPlatforms) = postSolution
		{316831BA-FD02-4D95-AE36-4F9F443B3CEB}.Debug|Any CPU.ActiveCfg = Debug|Any CPU
		{316831BA-FD02-4D95-AE36-4F9F443B3CEB}.Debug|Any CPU.Build.0 = Debug|Any CPU
		{316831BA-FD02-4D95-AE36-4F9F443B3CEB}.Release|Any CPU.ActiveCfg = Release|Any CPU
		{316831BA-FD02-4D95-AE36-4F9F443B3CEB}.Release|Any CPU.Build.0 = Release|Any CPU
		{EB2FF0FD-E584-4F50-B5FB-2EFBD951E9C3}.Debug|Any CPU.ActiveCfg = Debug|Any CPU
		{EB2FF0FD-E584-4F50-B5FB-2EFBD951E9C3}.Debug|Any CPU.Build.0 = Debug|Any CPU
		{EB2FF0FD-E584-4F50-B5FB-2EFBD951E9C3}.Release|Any CPU.ActiveCfg = Release|Any CPU
		{EB2FF0FD-E584-4F50-B5FB-2EFBD951E9C3}.Release|Any CPU.Build.0 = Release|Any CPU
		{B9557E6B-A389-4237-8738-6F10B64B0699}.Debug|Any CPU.ActiveCfg = Debug|Any CPU
		{B9557E6B-A389-4237-8738-6F10B64B0699}.Debug|Any CPU.Build.0 = Debug|Any CPU
		{B9557E6B-A389-4237-8738-6F10B64B0699}.Release|Any CPU.ActiveCfg = Release|Any CPU
		{B9557E6B-A389-4237-8738-6F10B64B0699}.Release|Any CPU.Build.0 = Release|Any CPU
		{43C8FD2C-BE9A-4759-805C-86D263516A1E}.Debug|Any CPU.ActiveCfg = Debug|Any CPU
		{43C8FD2C-BE9A-4759-805C-86D263516A1E}.Debug|Any CPU.Build.0 = Debug|Any CPU
		{43C8FD2C-BE9A-4759-805C-86D263516A1E}.Release|Any CPU.ActiveCfg = Release|Any CPU
		{43C8FD2C-BE9A-4759-805C-86D263516A1E}.Release|Any CPU.Build.0 = Release|Any CPU
		{5FF8AC79-6410-41C5-B0D7-443F4CDECB22}.Debug|Any CPU.ActiveCfg = Debug|Any CPU
		{5FF8AC79-6410-41C5-B0D7-443F4CDECB22}.Debug|Any CPU.Build.0 = Debug|Any CPU
		{5FF8AC79-6410-41C5-B0D7-443F4CDECB22}.Release|Any CPU.ActiveCfg = Release|Any CPU
		{5FF8AC79-6410-41C5-B0D7-443F4CDECB22}.Release|Any CPU.Build.0 = Release|Any CPU
		{49FA16A8-F4A2-442E-BB0E-D3F743906D62}.Debug|Any CPU.ActiveCfg = Debug|Any CPU
		{49FA16A8-F4A2-442E-BB0E-D3F743906D62}.Debug|Any CPU.Build.0 = Debug|Any CPU
		{49FA16A8-F4A2-442E-BB0E-D3F743906D62}.Release|Any CPU.ActiveCfg = Release|Any CPU
		{49FA16A8-F4A2-442E-BB0E-D3F743906D62}.Release|Any CPU.Build.0 = Release|Any CPU
		{B3147221-7915-4FDF-8C36-A7DFC7F835D2}.Debug|Any CPU.ActiveCfg = Debug|Any CPU
		{B3147221-7915-4FDF-8C36-A7DFC7F835D2}.Debug|Any CPU.Build.0 = Debug|Any CPU
		{B3147221-7915-4FDF-8C36-A7DFC7F835D2}.Release|Any CPU.ActiveCfg = Release|Any CPU
		{B3147221-7915-4FDF-8C36-A7DFC7F835D2}.Release|Any CPU.Build.0 = Release|Any CPU
		{9B64723A-151B-41C4-B585-1DA1C5B4B4DF}.Debug|Any CPU.ActiveCfg = Debug|Any CPU
		{9B64723A-151B-41C4-B585-1DA1C5B4B4DF}.Debug|Any CPU.Build.0 = Debug|Any CPU
		{9B64723A-151B-41C4-B585-1DA1C5B4B4DF}.Release|Any CPU.ActiveCfg = Release|Any CPU
		{9B64723A-151B-41C4-B585-1DA1C5B4B4DF}.Release|Any CPU.Build.0 = Release|Any CPU
		{B48ED12D-279A-4A21-BF11-16EFB46FD527}.Debug|Any CPU.ActiveCfg = Debug|Any CPU
		{B48ED12D-279A-4A21-BF11-16EFB46FD527}.Debug|Any CPU.Build.0 = Debug|Any CPU
		{B48ED12D-279A-4A21-BF11-16EFB46FD527}.Release|Any CPU.ActiveCfg = Release|Any CPU
		{B48ED12D-279A-4A21-BF11-16EFB46FD527}.Release|Any CPU.Build.0 = Release|Any CPU
		{93513D92-C0DB-4300-A83C-430368093F65}.Debug|Any CPU.ActiveCfg = Debug|Any CPU
		{93513D92-C0DB-4300-A83C-430368093F65}.Debug|Any CPU.Build.0 = Debug|Any CPU
		{93513D92-C0DB-4300-A83C-430368093F65}.Release|Any CPU.ActiveCfg = Release|Any CPU
		{93513D92-C0DB-4300-A83C-430368093F65}.Release|Any CPU.Build.0 = Release|Any CPU
	EndGlobalSection
	GlobalSection(SolutionProperties) = preSolution
		HideSolutionNode = FALSE
	EndGlobalSection
	GlobalSection(NestedProjects) = preSolution
		{15561AD1-28EB-4E67-BFE1-DF5FB7BD7D51} = {CE050956-806F-4546-8A1E-E573FD1CB412}
		{316831BA-FD02-4D95-AE36-4F9F443B3CEB} = {15561AD1-28EB-4E67-BFE1-DF5FB7BD7D51}
		{EB2FF0FD-E584-4F50-B5FB-2EFBD951E9C3} = {19DB80ED-84B9-4BC4-8DB4-82F89223BF66}
		{48A11EBA-6068-4553-8ED4-F35C45BD5423} = {CE050956-806F-4546-8A1E-E573FD1CB412}
		{43C8FD2C-BE9A-4759-805C-86D263516A1E} = {48A11EBA-6068-4553-8ED4-F35C45BD5423}
		{DB8E05D4-5788-490E-923F-578750321844} = {CE050956-806F-4546-8A1E-E573FD1CB412}
		{5FF8AC79-6410-41C5-B0D7-443F4CDECB22} = {DB8E05D4-5788-490E-923F-578750321844}
		{52E0E35B-0330-444E-AFB7-AD5274864B3C} = {CE050956-806F-4546-8A1E-E573FD1CB412}
		{49FA16A8-F4A2-442E-BB0E-D3F743906D62} = {52E0E35B-0330-444E-AFB7-AD5274864B3C}
		{B3147221-7915-4FDF-8C36-A7DFC7F835D2} = {52E0E35B-0330-444E-AFB7-AD5274864B3C}
		{9B64723A-151B-41C4-B585-1DA1C5B4B4DF} = {52E0E35B-0330-444E-AFB7-AD5274864B3C}
		{B48ED12D-279A-4A21-BF11-16EFB46FD527} = {52E0E35B-0330-444E-AFB7-AD5274864B3C}
		{93513D92-C0DB-4300-A83C-430368093F65} = {19DB80ED-84B9-4BC4-8DB4-82F89223BF66}
	EndGlobalSection
EndGlobal
